// !$*UTF8*$!
{
	archiveVersion = 1;
	classes = {
	};
	objectVersion = 46;
	objects = {

/* Begin PBXBuildFile section */
		2D025DA415B679D900F4CEB5 /* HomeTopViewController.m in Sources */ = {isa = PBXBuildFile; fileRef = 2D025DA315B679D900F4CEB5 /* HomeTopViewController.m */; };
		2D025DAB15B67F0700F4CEB5 /* HomeViewController.m in Sources */ = {isa = PBXBuildFile; fileRef = 2D025DAA15B67F0700F4CEB5 /* HomeViewController.m */; };
		2D221B5315B90E3D00382667 /* test.jpg in Resources */ = {isa = PBXBuildFile; fileRef = 2D221B5215B90E3D00382667 /* test.jpg */; };
		2D221B6615B91C5800382667 /* constans.m in Sources */ = {isa = PBXBuildFile; fileRef = 2D221B6515B91C5800382667 /* constans.m */; };
		2D221B6915B925D600382667 /* HomeViewTableCell.m in Sources */ = {isa = PBXBuildFile; fileRef = 2D221B6815B925D600382667 /* HomeViewTableCell.m */; };
		2D55EDB015BA773100D8F8DE /* EGORefreshTableHeaderView.m in Sources */ = {isa = PBXBuildFile; fileRef = 2D55EDAF15BA773100D8F8DE /* EGORefreshTableHeaderView.m */; settings = {COMPILER_FLAGS = "-fno-objc-arc"; }; };
		2D55EDB415BA7CB500D8F8DE /* QuartzCore.framework in Frameworks */ = {isa = PBXBuildFile; fileRef = 2D55EDB215BA7CA400D8F8DE /* QuartzCore.framework */; };
		2D55EDBE15BA7D8A00D8F8DE /* blackArrow.png in Resources */ = {isa = PBXBuildFile; fileRef = 2D55EDB615BA7D8A00D8F8DE /* blackArrow.png */; };
		2D55EDBF15BA7D8A00D8F8DE /* blackArrow@2x.png in Resources */ = {isa = PBXBuildFile; fileRef = 2D55EDB715BA7D8A00D8F8DE /* blackArrow@2x.png */; };
		2D55EDC015BA7D8A00D8F8DE /* blueArrow.png in Resources */ = {isa = PBXBuildFile; fileRef = 2D55EDB815BA7D8A00D8F8DE /* blueArrow.png */; };
		2D55EDC115BA7D8A00D8F8DE /* blueArrow@2x.png in Resources */ = {isa = PBXBuildFile; fileRef = 2D55EDB915BA7D8A00D8F8DE /* blueArrow@2x.png */; };
		2D55EDC215BA7D8A00D8F8DE /* grayArrow.png in Resources */ = {isa = PBXBuildFile; fileRef = 2D55EDBA15BA7D8A00D8F8DE /* grayArrow.png */; };
		2D55EDC315BA7D8A00D8F8DE /* grayArrow@2x.png in Resources */ = {isa = PBXBuildFile; fileRef = 2D55EDBB15BA7D8A00D8F8DE /* grayArrow@2x.png */; };
		2D55EDC415BA7D8A00D8F8DE /* whiteArrow.png in Resources */ = {isa = PBXBuildFile; fileRef = 2D55EDBC15BA7D8A00D8F8DE /* whiteArrow.png */; };
		2D55EDC515BA7D8A00D8F8DE /* whiteArrow@2x.png in Resources */ = {isa = PBXBuildFile; fileRef = 2D55EDBD15BA7D8A00D8F8DE /* whiteArrow@2x.png */; };
		2DA4B16715B52332007AE6F9 /* ECSlidingViewController.m in Sources */ = {isa = PBXBuildFile; fileRef = 2DA4B16415B52332007AE6F9 /* ECSlidingViewController.m */; };
		2DA4B16815B52332007AE6F9 /* UIImage+ImageWithUIView.m in Sources */ = {isa = PBXBuildFile; fileRef = 2DA4B16615B52332007AE6F9 /* UIImage+ImageWithUIView.m */; };
		2DA4B16D15B524FE007AE6F9 /* InitialSlidingViewController.m in Sources */ = {isa = PBXBuildFile; fileRef = 2DA4B16C15B524FE007AE6F9 /* InitialSlidingViewController.m */; };
		2DA4B17015B52577007AE6F9 /* MenuViewController.m in Sources */ = {isa = PBXBuildFile; fileRef = 2DA4B16F15B52577007AE6F9 /* MenuViewController.m */; };
		2DAD4B4815B364C000244707 /* UIKit.framework in Frameworks */ = {isa = PBXBuildFile; fileRef = 2DAD4B4715B364C000244707 /* UIKit.framework */; };
		2DAD4B4A15B364C000244707 /* Foundation.framework in Frameworks */ = {isa = PBXBuildFile; fileRef = 2DAD4B4915B364C000244707 /* Foundation.framework */; };
		2DAD4B4C15B364C000244707 /* CoreGraphics.framework in Frameworks */ = {isa = PBXBuildFile; fileRef = 2DAD4B4B15B364C000244707 /* CoreGraphics.framework */; };
		2DAD4B5215B364C000244707 /* InfoPlist.strings in Resources */ = {isa = PBXBuildFile; fileRef = 2DAD4B5015B364C000244707 /* InfoPlist.strings */; };
		2DAD4B5415B364C000244707 /* main.m in Sources */ = {isa = PBXBuildFile; fileRef = 2DAD4B5315B364C000244707 /* main.m */; };
		2DAD4B5815B364C000244707 /* AppDelegate.m in Sources */ = {isa = PBXBuildFile; fileRef = 2DAD4B5715B364C000244707 /* AppDelegate.m */; };
		2DAD4B6315B36B9C00244707 /* MainStoryboard.storyboard in Resources */ = {isa = PBXBuildFile; fileRef = 2DAD4B6215B36B9C00244707 /* MainStoryboard.storyboard */; };
		2DAD4B8715B372C900244707 /* ASIAuthenticationDialog.m in Sources */ = {isa = PBXBuildFile; fileRef = 2DAD4B7215B372C900244707 /* ASIAuthenticationDialog.m */; settings = {COMPILER_FLAGS = "-fno-objc-arc"; }; };
		2DAD4B8815B372C900244707 /* ASIDataCompressor.m in Sources */ = {isa = PBXBuildFile; fileRef = 2DAD4B7515B372C900244707 /* ASIDataCompressor.m */; settings = {COMPILER_FLAGS = "-fno-objc-arc"; }; };
		2DAD4B8915B372C900244707 /* ASIDataDecompressor.m in Sources */ = {isa = PBXBuildFile; fileRef = 2DAD4B7715B372C900244707 /* ASIDataDecompressor.m */; settings = {COMPILER_FLAGS = "-fno-objc-arc"; }; };
		2DAD4B8A15B372C900244707 /* ASIDownloadCache.m in Sources */ = {isa = PBXBuildFile; fileRef = 2DAD4B7915B372C900244707 /* ASIDownloadCache.m */; settings = {COMPILER_FLAGS = "-fno-objc-arc"; }; };
		2DAD4B8B15B372C900244707 /* ASIFormDataRequest.m in Sources */ = {isa = PBXBuildFile; fileRef = 2DAD4B7B15B372C900244707 /* ASIFormDataRequest.m */; settings = {COMPILER_FLAGS = "-fno-objc-arc"; }; };
		2DAD4B8C15B372C900244707 /* ASIHTTPRequest.m in Sources */ = {isa = PBXBuildFile; fileRef = 2DAD4B7D15B372C900244707 /* ASIHTTPRequest.m */; settings = {COMPILER_FLAGS = "-fno-objc-arc"; }; };
		2DAD4B8D15B372C900244707 /* ASIInputStream.m in Sources */ = {isa = PBXBuildFile; fileRef = 2DAD4B8115B372C900244707 /* ASIInputStream.m */; settings = {COMPILER_FLAGS = "-fno-objc-arc"; }; };
		2DAD4B8E15B372C900244707 /* ASINetworkQueue.m in Sources */ = {isa = PBXBuildFile; fileRef = 2DAD4B8315B372C900244707 /* ASINetworkQueue.m */; settings = {COMPILER_FLAGS = "-fno-objc-arc"; }; };
		2DAD4B8F15B372C900244707 /* Reachability.m in Sources */ = {isa = PBXBuildFile; fileRef = 2DAD4B8615B372C900244707 /* Reachability.m */; settings = {COMPILER_FLAGS = "-fno-objc-arc"; }; };
		2DAD4B9115B3731E00244707 /* CFNetwork.framework in Frameworks */ = {isa = PBXBuildFile; fileRef = 2DAD4B9015B3731E00244707 /* CFNetwork.framework */; };
		2DAD4B9315B3732D00244707 /* SystemConfiguration.framework in Frameworks */ = {isa = PBXBuildFile; fileRef = 2DAD4B9215B3732D00244707 /* SystemConfiguration.framework */; };
		2DAD4B9515B3733800244707 /* MobileCoreServices.framework in Frameworks */ = {isa = PBXBuildFile; fileRef = 2DAD4B9415B3733800244707 /* MobileCoreServices.framework */; };
		2DAD4B9715B3734400244707 /* libz.dylib in Frameworks */ = {isa = PBXBuildFile; fileRef = 2DAD4B9615B3734400244707 /* libz.dylib */; };
		2DD0B47115B7CCEE00609029 /* ProfileTopViewController.m in Sources */ = {isa = PBXBuildFile; fileRef = 2DD0B47015B7CCEE00609029 /* ProfileTopViewController.m */; };
		2DD0B47415B7CD6D00609029 /* ProfileViewController.m in Sources */ = {isa = PBXBuildFile; fileRef = 2DD0B47315B7CD6D00609029 /* ProfileViewController.m */; };
		2DD0B47715B7CECA00609029 /* haoran.jpeg in Resources */ = {isa = PBXBuildFile; fileRef = 2DD0B47615B7CECA00609029 /* haoran.jpeg */; };
		2DD0B47A15B7D2D000609029 /* MenuViewTableCell.m in Sources */ = {isa = PBXBuildFile; fileRef = 2DD0B47915B7D2D000609029 /* MenuViewTableCell.m */; };
/* End PBXBuildFile section */

/* Begin PBXFileReference section */
		2D025DA215B679D900F4CEB5 /* HomeTopViewController.h */ = {isa = PBXFileReference; fileEncoding = 4; lastKnownFileType = sourcecode.c.h; path = HomeTopViewController.h; sourceTree = "<group>"; };
		2D025DA315B679D900F4CEB5 /* HomeTopViewController.m */ = {isa = PBXFileReference; fileEncoding = 4; lastKnownFileType = sourcecode.c.objc; path = HomeTopViewController.m; sourceTree = "<group>"; };
		2D025DA915B67F0700F4CEB5 /* HomeViewController.h */ = {isa = PBXFileReference; fileEncoding = 4; lastKnownFileType = sourcecode.c.h; path = HomeViewController.h; sourceTree = "<group>"; };
		2D025DAA15B67F0700F4CEB5 /* HomeViewController.m */ = {isa = PBXFileReference; fileEncoding = 4; lastKnownFileType = sourcecode.c.objc; path = HomeViewController.m; sourceTree = "<group>"; };
		2D221B5215B90E3D00382667 /* test.jpg */ = {isa = PBXFileReference; lastKnownFileType = image.jpeg; path = test.jpg; sourceTree = "<group>"; };
		2D221B6415B91C5800382667 /* constans.h */ = {isa = PBXFileReference; fileEncoding = 4; lastKnownFileType = sourcecode.c.h; path = constans.h; sourceTree = "<group>"; };
		2D221B6515B91C5800382667 /* constans.m */ = {isa = PBXFileReference; fileEncoding = 4; lastKnownFileType = sourcecode.c.objc; path = constans.m; sourceTree = "<group>"; };
		2D221B6715B925D600382667 /* HomeViewTableCell.h */ = {isa = PBXFileReference; fileEncoding = 4; lastKnownFileType = sourcecode.c.h; path = HomeViewTableCell.h; sourceTree = "<group>"; };
		2D221B6815B925D600382667 /* HomeViewTableCell.m */ = {isa = PBXFileReference; fileEncoding = 4; lastKnownFileType = sourcecode.c.objc; path = HomeViewTableCell.m; sourceTree = "<group>"; };
		2D55EDAE15BA773100D8F8DE /* EGORefreshTableHeaderView.h */ = {isa = PBXFileReference; fileEncoding = 4; lastKnownFileType = sourcecode.c.h; path = EGORefreshTableHeaderView.h; sourceTree = "<group>"; };
		2D55EDAF15BA773100D8F8DE /* EGORefreshTableHeaderView.m */ = {isa = PBXFileReference; fileEncoding = 4; lastKnownFileType = sourcecode.c.objc; path = EGORefreshTableHeaderView.m; sourceTree = "<group>"; };
		2D55EDB215BA7CA400D8F8DE /* QuartzCore.framework */ = {isa = PBXFileReference; lastKnownFileType = wrapper.framework; name = QuartzCore.framework; path = System/Library/Frameworks/QuartzCore.framework; sourceTree = SDKROOT; };
		2D55EDB615BA7D8A00D8F8DE /* blackArrow.png */ = {isa = PBXFileReference; lastKnownFileType = image.png; path = blackArrow.png; sourceTree = "<group>"; };
		2D55EDB715BA7D8A00D8F8DE /* blackArrow@2x.png */ = {isa = PBXFileReference; lastKnownFileType = image.png; path = "blackArrow@2x.png"; sourceTree = "<group>"; };
		2D55EDB815BA7D8A00D8F8DE /* blueArrow.png */ = {isa = PBXFileReference; lastKnownFileType = image.png; path = blueArrow.png; sourceTree = "<group>"; };
		2D55EDB915BA7D8A00D8F8DE /* blueArrow@2x.png */ = {isa = PBXFileReference; lastKnownFileType = image.png; path = "blueArrow@2x.png"; sourceTree = "<group>"; };
		2D55EDBA15BA7D8A00D8F8DE /* grayArrow.png */ = {isa = PBXFileReference; lastKnownFileType = image.png; path = grayArrow.png; sourceTree = "<group>"; };
		2D55EDBB15BA7D8A00D8F8DE /* grayArrow@2x.png */ = {isa = PBXFileReference; lastKnownFileType = image.png; path = "grayArrow@2x.png"; sourceTree = "<group>"; };
		2D55EDBC15BA7D8A00D8F8DE /* whiteArrow.png */ = {isa = PBXFileReference; lastKnownFileType = image.png; path = whiteArrow.png; sourceTree = "<group>"; };
		2D55EDBD15BA7D8A00D8F8DE /* whiteArrow@2x.png */ = {isa = PBXFileReference; lastKnownFileType = image.png; path = "whiteArrow@2x.png"; sourceTree = "<group>"; };
		2DA4B16315B52332007AE6F9 /* ECSlidingViewController.h */ = {isa = PBXFileReference; fileEncoding = 4; lastKnownFileType = sourcecode.c.h; path = ECSlidingViewController.h; sourceTree = "<group>"; };
		2DA4B16415B52332007AE6F9 /* ECSlidingViewController.m */ = {isa = PBXFileReference; fileEncoding = 4; lastKnownFileType = sourcecode.c.objc; path = ECSlidingViewController.m; sourceTree = "<group>"; };
		2DA4B16515B52332007AE6F9 /* UIImage+ImageWithUIView.h */ = {isa = PBXFileReference; fileEncoding = 4; lastKnownFileType = sourcecode.c.h; path = "UIImage+ImageWithUIView.h"; sourceTree = "<group>"; };
		2DA4B16615B52332007AE6F9 /* UIImage+ImageWithUIView.m */ = {isa = PBXFileReference; fileEncoding = 4; lastKnownFileType = sourcecode.c.objc; path = "UIImage+ImageWithUIView.m"; sourceTree = "<group>"; };
		2DA4B16B15B524FE007AE6F9 /* InitialSlidingViewController.h */ = {isa = PBXFileReference; fileEncoding = 4; lastKnownFileType = sourcecode.c.h; path = InitialSlidingViewController.h; sourceTree = "<group>"; };
		2DA4B16C15B524FE007AE6F9 /* InitialSlidingViewController.m */ = {isa = PBXFileReference; fileEncoding = 4; lastKnownFileType = sourcecode.c.objc; path = InitialSlidingViewController.m; sourceTree = "<group>"; };
		2DA4B16E15B52577007AE6F9 /* MenuViewController.h */ = {isa = PBXFileReference; fileEncoding = 4; lastKnownFileType = sourcecode.c.h; path = MenuViewController.h; sourceTree = "<group>"; };
		2DA4B16F15B52577007AE6F9 /* MenuViewController.m */ = {isa = PBXFileReference; fileEncoding = 4; lastKnownFileType = sourcecode.c.objc; path = MenuViewController.m; sourceTree = "<group>"; };
		2DAD4B4315B364C000244707 /* SchooldateMobile.app */ = {isa = PBXFileReference; explicitFileType = wrapper.application; includeInIndex = 0; path = SchooldateMobile.app; sourceTree = BUILT_PRODUCTS_DIR; };
		2DAD4B4715B364C000244707 /* UIKit.framework */ = {isa = PBXFileReference; lastKnownFileType = wrapper.framework; name = UIKit.framework; path = System/Library/Frameworks/UIKit.framework; sourceTree = SDKROOT; };
		2DAD4B4915B364C000244707 /* Foundation.framework */ = {isa = PBXFileReference; lastKnownFileType = wrapper.framework; name = Foundation.framework; path = System/Library/Frameworks/Foundation.framework; sourceTree = SDKROOT; };
		2DAD4B4B15B364C000244707 /* CoreGraphics.framework */ = {isa = PBXFileReference; lastKnownFileType = wrapper.framework; name = CoreGraphics.framework; path = System/Library/Frameworks/CoreGraphics.framework; sourceTree = SDKROOT; };
		2DAD4B4F15B364C000244707 /* SchooldateMobile-Info.plist */ = {isa = PBXFileReference; lastKnownFileType = text.plist.xml; path = "SchooldateMobile-Info.plist"; sourceTree = "<group>"; };
		2DAD4B5115B364C000244707 /* en */ = {isa = PBXFileReference; lastKnownFileType = text.plist.strings; name = en; path = en.lproj/InfoPlist.strings; sourceTree = "<group>"; };
		2DAD4B5315B364C000244707 /* main.m */ = {isa = PBXFileReference; lastKnownFileType = sourcecode.c.objc; path = main.m; sourceTree = "<group>"; };
		2DAD4B5515B364C000244707 /* SchooldateMobile-Prefix.pch */ = {isa = PBXFileReference; lastKnownFileType = sourcecode.c.h; path = "SchooldateMobile-Prefix.pch"; sourceTree = "<group>"; };
		2DAD4B5615B364C000244707 /* AppDelegate.h */ = {isa = PBXFileReference; lastKnownFileType = sourcecode.c.h; path = AppDelegate.h; sourceTree = "<group>"; };
		2DAD4B5715B364C000244707 /* AppDelegate.m */ = {isa = PBXFileReference; lastKnownFileType = sourcecode.c.objc; path = AppDelegate.m; sourceTree = "<group>"; };
		2DAD4B6215B36B9C00244707 /* MainStoryboard.storyboard */ = {isa = PBXFileReference; fileEncoding = 4; lastKnownFileType = file.storyboard; path = MainStoryboard.storyboard; sourceTree = "<group>"; };
		2DAD4B7115B372C900244707 /* ASIAuthenticationDialog.h */ = {isa = PBXFileReference; fileEncoding = 4; lastKnownFileType = sourcecode.c.h; path = ASIAuthenticationDialog.h; sourceTree = "<group>"; };
		2DAD4B7215B372C900244707 /* ASIAuthenticationDialog.m */ = {isa = PBXFileReference; fileEncoding = 4; lastKnownFileType = sourcecode.c.objc; path = ASIAuthenticationDialog.m; sourceTree = "<group>"; };
		2DAD4B7315B372C900244707 /* ASICacheDelegate.h */ = {isa = PBXFileReference; fileEncoding = 4; lastKnownFileType = sourcecode.c.h; path = ASICacheDelegate.h; sourceTree = "<group>"; };
		2DAD4B7415B372C900244707 /* ASIDataCompressor.h */ = {isa = PBXFileReference; fileEncoding = 4; lastKnownFileType = sourcecode.c.h; path = ASIDataCompressor.h; sourceTree = "<group>"; };
		2DAD4B7515B372C900244707 /* ASIDataCompressor.m */ = {isa = PBXFileReference; fileEncoding = 4; lastKnownFileType = sourcecode.c.objc; path = ASIDataCompressor.m; sourceTree = "<group>"; };
		2DAD4B7615B372C900244707 /* ASIDataDecompressor.h */ = {isa = PBXFileReference; fileEncoding = 4; lastKnownFileType = sourcecode.c.h; path = ASIDataDecompressor.h; sourceTree = "<group>"; };
		2DAD4B7715B372C900244707 /* ASIDataDecompressor.m */ = {isa = PBXFileReference; fileEncoding = 4; lastKnownFileType = sourcecode.c.objc; path = ASIDataDecompressor.m; sourceTree = "<group>"; };
		2DAD4B7815B372C900244707 /* ASIDownloadCache.h */ = {isa = PBXFileReference; fileEncoding = 4; lastKnownFileType = sourcecode.c.h; path = ASIDownloadCache.h; sourceTree = "<group>"; };
		2DAD4B7915B372C900244707 /* ASIDownloadCache.m */ = {isa = PBXFileReference; fileEncoding = 4; lastKnownFileType = sourcecode.c.objc; path = ASIDownloadCache.m; sourceTree = "<group>"; };
		2DAD4B7A15B372C900244707 /* ASIFormDataRequest.h */ = {isa = PBXFileReference; fileEncoding = 4; lastKnownFileType = sourcecode.c.h; path = ASIFormDataRequest.h; sourceTree = "<group>"; };
		2DAD4B7B15B372C900244707 /* ASIFormDataRequest.m */ = {isa = PBXFileReference; fileEncoding = 4; lastKnownFileType = sourcecode.c.objc; path = ASIFormDataRequest.m; sourceTree = "<group>"; };
		2DAD4B7C15B372C900244707 /* ASIHTTPRequest.h */ = {isa = PBXFileReference; fileEncoding = 4; lastKnownFileType = sourcecode.c.h; path = ASIHTTPRequest.h; sourceTree = "<group>"; };
		2DAD4B7D15B372C900244707 /* ASIHTTPRequest.m */ = {isa = PBXFileReference; fileEncoding = 4; lastKnownFileType = sourcecode.c.objc; path = ASIHTTPRequest.m; sourceTree = "<group>"; };
		2DAD4B7E15B372C900244707 /* ASIHTTPRequestConfig.h */ = {isa = PBXFileReference; fileEncoding = 4; lastKnownFileType = sourcecode.c.h; path = ASIHTTPRequestConfig.h; sourceTree = "<group>"; };
		2DAD4B7F15B372C900244707 /* ASIHTTPRequestDelegate.h */ = {isa = PBXFileReference; fileEncoding = 4; lastKnownFileType = sourcecode.c.h; path = ASIHTTPRequestDelegate.h; sourceTree = "<group>"; };
		2DAD4B8015B372C900244707 /* ASIInputStream.h */ = {isa = PBXFileReference; fileEncoding = 4; lastKnownFileType = sourcecode.c.h; path = ASIInputStream.h; sourceTree = "<group>"; };
		2DAD4B8115B372C900244707 /* ASIInputStream.m */ = {isa = PBXFileReference; fileEncoding = 4; lastKnownFileType = sourcecode.c.objc; path = ASIInputStream.m; sourceTree = "<group>"; };
		2DAD4B8215B372C900244707 /* ASINetworkQueue.h */ = {isa = PBXFileReference; fileEncoding = 4; lastKnownFileType = sourcecode.c.h; path = ASINetworkQueue.h; sourceTree = "<group>"; };
		2DAD4B8315B372C900244707 /* ASINetworkQueue.m */ = {isa = PBXFileReference; fileEncoding = 4; lastKnownFileType = sourcecode.c.objc; path = ASINetworkQueue.m; sourceTree = "<group>"; };
		2DAD4B8415B372C900244707 /* ASIProgressDelegate.h */ = {isa = PBXFileReference; fileEncoding = 4; lastKnownFileType = sourcecode.c.h; path = ASIProgressDelegate.h; sourceTree = "<group>"; };
		2DAD4B8515B372C900244707 /* Reachability.h */ = {isa = PBXFileReference; fileEncoding = 4; lastKnownFileType = sourcecode.c.h; path = Reachability.h; sourceTree = "<group>"; };
		2DAD4B8615B372C900244707 /* Reachability.m */ = {isa = PBXFileReference; fileEncoding = 4; lastKnownFileType = sourcecode.c.objc; path = Reachability.m; sourceTree = "<group>"; };
		2DAD4B9015B3731E00244707 /* CFNetwork.framework */ = {isa = PBXFileReference; lastKnownFileType = wrapper.framework; name = CFNetwork.framework; path = System/Library/Frameworks/CFNetwork.framework; sourceTree = SDKROOT; };
		2DAD4B9215B3732D00244707 /* SystemConfiguration.framework */ = {isa = PBXFileReference; lastKnownFileType = wrapper.framework; name = SystemConfiguration.framework; path = System/Library/Frameworks/SystemConfiguration.framework; sourceTree = SDKROOT; };
		2DAD4B9415B3733800244707 /* MobileCoreServices.framework */ = {isa = PBXFileReference; lastKnownFileType = wrapper.framework; name = MobileCoreServices.framework; path = System/Library/Frameworks/MobileCoreServices.framework; sourceTree = SDKROOT; };
		2DAD4B9615B3734400244707 /* libz.dylib */ = {isa = PBXFileReference; lastKnownFileType = "compiled.mach-o.dylib"; name = libz.dylib; path = usr/lib/libz.dylib; sourceTree = SDKROOT; };
		2DD0B46F15B7CCEE00609029 /* ProfileTopViewController.h */ = {isa = PBXFileReference; fileEncoding = 4; lastKnownFileType = sourcecode.c.h; path = ProfileTopViewController.h; sourceTree = "<group>"; };
		2DD0B47015B7CCEE00609029 /* ProfileTopViewController.m */ = {isa = PBXFileReference; fileEncoding = 4; lastKnownFileType = sourcecode.c.objc; path = ProfileTopViewController.m; sourceTree = "<group>"; };
		2DD0B47215B7CD6D00609029 /* ProfileViewController.h */ = {isa = PBXFileReference; fileEncoding = 4; lastKnownFileType = sourcecode.c.h; path = ProfileViewController.h; sourceTree = "<group>"; };
		2DD0B47315B7CD6D00609029 /* ProfileViewController.m */ = {isa = PBXFileReference; fileEncoding = 4; lastKnownFileType = sourcecode.c.objc; path = ProfileViewController.m; sourceTree = "<group>"; };
		2DD0B47615B7CECA00609029 /* haoran.jpeg */ = {isa = PBXFileReference; lastKnownFileType = image.jpeg; path = haoran.jpeg; sourceTree = "<group>"; };
		2DD0B47815B7D2D000609029 /* MenuViewTableCell.h */ = {isa = PBXFileReference; fileEncoding = 4; lastKnownFileType = sourcecode.c.h; path = MenuViewTableCell.h; sourceTree = "<group>"; };
		2DD0B47915B7D2D000609029 /* MenuViewTableCell.m */ = {isa = PBXFileReference; fileEncoding = 4; lastKnownFileType = sourcecode.c.objc; path = MenuViewTableCell.m; sourceTree = "<group>"; };
/* End PBXFileReference section */

/* Begin PBXFrameworksBuildPhase section */
		2DAD4B4015B364C000244707 /* Frameworks */ = {
			isa = PBXFrameworksBuildPhase;
			buildActionMask = 2147483647;
			files = (
				2D55EDB415BA7CB500D8F8DE /* QuartzCore.framework in Frameworks */,
				2DAD4B9715B3734400244707 /* libz.dylib in Frameworks */,
				2DAD4B4C15B364C000244707 /* CoreGraphics.framework in Frameworks */,
				2DAD4B9515B3733800244707 /* MobileCoreServices.framework in Frameworks */,
				2DAD4B9315B3732D00244707 /* SystemConfiguration.framework in Frameworks */,
				2DAD4B9115B3731E00244707 /* CFNetwork.framework in Frameworks */,
				2DAD4B4815B364C000244707 /* UIKit.framework in Frameworks */,
				2DAD4B4A15B364C000244707 /* Foundation.framework in Frameworks */,
			);
			runOnlyForDeploymentPostprocessing = 0;
		};
/* End PBXFrameworksBuildPhase section */

/* Begin PBXGroup section */
		2D221B5915B9188200382667 /* Utils */ = {
			isa = PBXGroup;
			children = (
				2D221B6415B91C5800382667 /* constans.h */,
				2D221B6515B91C5800382667 /* constans.m */,
			);
			name = Utils;
			sourceTree = "<group>";
		};
		2D55EDAD15BA773100D8F8DE /* RefreshTableHeaderView */ = {
			isa = PBXGroup;
			children = (
				2D55EDB515BA7D8A00D8F8DE /* Resources */,
				2D55EDAE15BA773100D8F8DE /* EGORefreshTableHeaderView.h */,
				2D55EDAF15BA773100D8F8DE /* EGORefreshTableHeaderView.m */,
			);
			path = RefreshTableHeaderView;
			sourceTree = "<group>";
		};
		2D55EDB515BA7D8A00D8F8DE /* Resources */ = {
			isa = PBXGroup;
			children = (
				2D55EDB615BA7D8A00D8F8DE /* blackArrow.png */,
				2D55EDB715BA7D8A00D8F8DE /* blackArrow@2x.png */,
				2D55EDB815BA7D8A00D8F8DE /* blueArrow.png */,
				2D55EDB915BA7D8A00D8F8DE /* blueArrow@2x.png */,
				2D55EDBA15BA7D8A00D8F8DE /* grayArrow.png */,
				2D55EDBB15BA7D8A00D8F8DE /* grayArrow@2x.png */,
				2D55EDBC15BA7D8A00D8F8DE /* whiteArrow.png */,
				2D55EDBD15BA7D8A00D8F8DE /* whiteArrow@2x.png */,
			);
			path = Resources;
			sourceTree = "<group>";
		};
		2DA4B16215B52332007AE6F9 /* ECSlidingViewController */ = {
			isa = PBXGroup;
			children = (
				2DA4B16315B52332007AE6F9 /* ECSlidingViewController.h */,
				2DA4B16415B52332007AE6F9 /* ECSlidingViewController.m */,
				2DA4B16515B52332007AE6F9 /* UIImage+ImageWithUIView.h */,
				2DA4B16615B52332007AE6F9 /* UIImage+ImageWithUIView.m */,
			);
			path = ECSlidingViewController;
			sourceTree = "<group>";
		};
		2DA4B16A15B524CB007AE6F9 /* Controllers */ = {
			isa = PBXGroup;
			children = (
				2DA4B16B15B524FE007AE6F9 /* InitialSlidingViewController.h */,
				2DA4B16C15B524FE007AE6F9 /* InitialSlidingViewController.m */,
				2DA4B16E15B52577007AE6F9 /* MenuViewController.h */,
				2DA4B16F15B52577007AE6F9 /* MenuViewController.m */,
				2DD0B47815B7D2D000609029 /* MenuViewTableCell.h */,
				2DD0B47915B7D2D000609029 /* MenuViewTableCell.m */,
				2D025DA215B679D900F4CEB5 /* HomeTopViewController.h */,
				2D025DA315B679D900F4CEB5 /* HomeTopViewController.m */,
				2D025DA915B67F0700F4CEB5 /* HomeViewController.h */,
				2D025DAA15B67F0700F4CEB5 /* HomeViewController.m */,
				2D221B6715B925D600382667 /* HomeViewTableCell.h */,
				2D221B6815B925D600382667 /* HomeViewTableCell.m */,
				2DD0B46F15B7CCEE00609029 /* ProfileTopViewController.h */,
				2DD0B47015B7CCEE00609029 /* ProfileTopViewController.m */,
				2DD0B47215B7CD6D00609029 /* ProfileViewController.h */,
				2DD0B47315B7CD6D00609029 /* ProfileViewController.m */,
			);
			name = Controllers;
			sourceTree = "<group>";
		};
		2DAD4B3815B364BF00244707 = {
			isa = PBXGroup;
			children = (
				2DAD4B4D15B364C000244707 /* SchooldateMobile */,
				2DAD4B4615B364C000244707 /* Frameworks */,
				2DAD4B4415B364C000244707 /* Products */,
			);
			sourceTree = "<group>";
		};
		2DAD4B4415B364C000244707 /* Products */ = {
			isa = PBXGroup;
			children = (
				2DAD4B4315B364C000244707 /* SchooldateMobile.app */,
			);
			name = Products;
			sourceTree = "<group>";
		};
		2DAD4B4615B364C000244707 /* Frameworks */ = {
			isa = PBXGroup;
			children = (
				2DAD4B9615B3734400244707 /* libz.dylib */,
				2D55EDB215BA7CA400D8F8DE /* QuartzCore.framework */,
				2DAD4B9415B3733800244707 /* MobileCoreServices.framework */,
				2DAD4B9215B3732D00244707 /* SystemConfiguration.framework */,
				2DAD4B9015B3731E00244707 /* CFNetwork.framework */,
				2DAD4B4715B364C000244707 /* UIKit.framework */,
				2DAD4B4915B364C000244707 /* Foundation.framework */,
				2DAD4B4B15B364C000244707 /* CoreGraphics.framework */,
			);
			name = Frameworks;
			sourceTree = "<group>";
		};
		2DAD4B4D15B364C000244707 /* SchooldateMobile */ = {
			isa = PBXGroup;
			children = (
				2D221B5915B9188200382667 /* Utils */,
				2DD0B47515B7CEB000609029 /* TempFiles */,
				2DA4B16A15B524CB007AE6F9 /* Controllers */,
				2DAD4B5615B364C000244707 /* AppDelegate.h */,
				2DAD4B5715B364C000244707 /* AppDelegate.m */,
				2DA4B16215B52332007AE6F9 /* ECSlidingViewController */,
				2D55EDAD15BA773100D8F8DE /* RefreshTableHeaderView */,
				2DAD4B7015B372C900244707 /* ASI */,
				2DAD4B4E15B364C000244707 /* Supporting Files */,
				2DAD4B6215B36B9C00244707 /* MainStoryboard.storyboard */,
			);
			path = SchooldateMobile;
			sourceTree = "<group>";
		};
		2DAD4B4E15B364C000244707 /* Supporting Files */ = {
			isa = PBXGroup;
			children = (
				2DAD4B4F15B364C000244707 /* SchooldateMobile-Info.plist */,
				2DAD4B5015B364C000244707 /* InfoPlist.strings */,
				2DAD4B5315B364C000244707 /* main.m */,
				2DAD4B5515B364C000244707 /* SchooldateMobile-Prefix.pch */,
			);
			name = "Supporting Files";
			sourceTree = "<group>";
		};
		2DAD4B7015B372C900244707 /* ASI */ = {
			isa = PBXGroup;
			children = (
				2DAD4B7115B372C900244707 /* ASIAuthenticationDialog.h */,
				2DAD4B7215B372C900244707 /* ASIAuthenticationDialog.m */,
				2DAD4B7315B372C900244707 /* ASICacheDelegate.h */,
				2DAD4B7415B372C900244707 /* ASIDataCompressor.h */,
				2DAD4B7515B372C900244707 /* ASIDataCompressor.m */,
				2DAD4B7615B372C900244707 /* ASIDataDecompressor.h */,
				2DAD4B7715B372C900244707 /* ASIDataDecompressor.m */,
				2DAD4B7815B372C900244707 /* ASIDownloadCache.h */,
				2DAD4B7915B372C900244707 /* ASIDownloadCache.m */,
				2DAD4B7A15B372C900244707 /* ASIFormDataRequest.h */,
				2DAD4B7B15B372C900244707 /* ASIFormDataRequest.m */,
				2DAD4B7C15B372C900244707 /* ASIHTTPRequest.h */,
				2DAD4B7D15B372C900244707 /* ASIHTTPRequest.m */,
				2DAD4B7E15B372C900244707 /* ASIHTTPRequestConfig.h */,
				2DAD4B7F15B372C900244707 /* ASIHTTPRequestDelegate.h */,
				2DAD4B8015B372C900244707 /* ASIInputStream.h */,
				2DAD4B8115B372C900244707 /* ASIInputStream.m */,
				2DAD4B8215B372C900244707 /* ASINetworkQueue.h */,
				2DAD4B8315B372C900244707 /* ASINetworkQueue.m */,
				2DAD4B8415B372C900244707 /* ASIProgressDelegate.h */,
				2DAD4B8515B372C900244707 /* Reachability.h */,
				2DAD4B8615B372C900244707 /* Reachability.m */,
			);
			path = ASI;
			sourceTree = "<group>";
		};
		2DD0B47515B7CEB000609029 /* TempFiles */ = {
			isa = PBXGroup;
			children = (
				2D221B5215B90E3D00382667 /* test.jpg */,
				2DD0B47615B7CECA00609029 /* haoran.jpeg */,
			);
			name = TempFiles;
			sourceTree = "<group>";
		};
/* End PBXGroup section */

/* Begin PBXNativeTarget section */
		2DAD4B4215B364C000244707 /* SchooldateMobile */ = {
			isa = PBXNativeTarget;
			buildConfigurationList = 2DAD4B5B15B364C000244707 /* Build configuration list for PBXNativeTarget "SchooldateMobile" */;
			buildPhases = (
				2DAD4B3F15B364C000244707 /* Sources */,
				2DAD4B4015B364C000244707 /* Frameworks */,
				2DAD4B4115B364C000244707 /* Resources */,
			);
			buildRules = (
			);
			dependencies = (
			);
			name = SchooldateMobile;
			productName = SchooldateMobile;
			productReference = 2DAD4B4315B364C000244707 /* SchooldateMobile.app */;
			productType = "com.apple.product-type.application";
		};
/* End PBXNativeTarget section */

/* Begin PBXProject section */
		2DAD4B3A15B364BF00244707 /* Project object */ = {
			isa = PBXProject;
			attributes = {
				LastUpgradeCheck = 0430;
				ORGANIZATIONNAME = Schooldate;
			};
			buildConfigurationList = 2DAD4B3D15B364BF00244707 /* Build configuration list for PBXProject "SchooldateMobile" */;
			compatibilityVersion = "Xcode 3.2";
			developmentRegion = English;
			hasScannedForEncodings = 0;
			knownRegions = (
				en,
			);
			mainGroup = 2DAD4B3815B364BF00244707;
			productRefGroup = 2DAD4B4415B364C000244707 /* Products */;
			projectDirPath = "";
			projectRoot = "";
			targets = (
				2DAD4B4215B364C000244707 /* SchooldateMobile */,
			);
		};
/* End PBXProject section */

/* Begin PBXResourcesBuildPhase section */
		2DAD4B4115B364C000244707 /* Resources */ = {
			isa = PBXResourcesBuildPhase;
			buildActionMask = 2147483647;
			files = (
				2DAD4B5215B364C000244707 /* InfoPlist.strings in Resources */,
				2DAD4B6315B36B9C00244707 /* MainStoryboard.storyboard in Resources */,
				2DD0B47715B7CECA00609029 /* haoran.jpeg in Resources */,
				2D221B5315B90E3D00382667 /* test.jpg in Resources */,
				2D55EDBE15BA7D8A00D8F8DE /* blackArrow.png in Resources */,
				2D55EDBF15BA7D8A00D8F8DE /* blackArrow@2x.png in Resources */,
				2D55EDC015BA7D8A00D8F8DE /* blueArrow.png in Resources */,
				2D55EDC115BA7D8A00D8F8DE /* blueArrow@2x.png in Resources */,
				2D55EDC215BA7D8A00D8F8DE /* grayArrow.png in Resources */,
				2D55EDC315BA7D8A00D8F8DE /* grayArrow@2x.png in Resources */,
				2D55EDC415BA7D8A00D8F8DE /* whiteArrow.png in Resources */,
				2D55EDC515BA7D8A00D8F8DE /* whiteArrow@2x.png in Resources */,
			);
			runOnlyForDeploymentPostprocessing = 0;
		};
/* End PBXResourcesBuildPhase section */

/* Begin PBXSourcesBuildPhase section */
		2DAD4B3F15B364C000244707 /* Sources */ = {
			isa = PBXSourcesBuildPhase;
			buildActionMask = 2147483647;
			files = (
				2DAD4B5415B364C000244707 /* main.m in Sources */,
				2DAD4B5815B364C000244707 /* AppDelegate.m in Sources */,
				2DAD4B8715B372C900244707 /* ASIAuthenticationDialog.m in Sources */,
				2DAD4B8815B372C900244707 /* ASIDataCompressor.m in Sources */,
				2DAD4B8915B372C900244707 /* ASIDataDecompressor.m in Sources */,
				2DAD4B8A15B372C900244707 /* ASIDownloadCache.m in Sources */,
				2DAD4B8B15B372C900244707 /* ASIFormDataRequest.m in Sources */,
				2DAD4B8C15B372C900244707 /* ASIHTTPRequest.m in Sources */,
				2DAD4B8D15B372C900244707 /* ASIInputStream.m in Sources */,
				2DAD4B8E15B372C900244707 /* ASINetworkQueue.m in Sources */,
				2DAD4B8F15B372C900244707 /* Reachability.m in Sources */,
				2DA4B16715B52332007AE6F9 /* ECSlidingViewController.m in Sources */,
				2DA4B16815B52332007AE6F9 /* UIImage+ImageWithUIView.m in Sources */,
				2DA4B16D15B524FE007AE6F9 /* InitialSlidingViewController.m in Sources */,
				2DA4B17015B52577007AE6F9 /* MenuViewController.m in Sources */,
				2D025DA415B679D900F4CEB5 /* HomeTopViewController.m in Sources */,
				2D025DAB15B67F0700F4CEB5 /* HomeViewController.m in Sources */,
				2DD0B47115B7CCEE00609029 /* ProfileTopViewController.m in Sources */,
				2DD0B47415B7CD6D00609029 /* ProfileViewController.m in Sources */,
				2DD0B47A15B7D2D000609029 /* MenuViewTableCell.m in Sources */,
				2D221B6615B91C5800382667 /* constans.m in Sources */,
				2D221B6915B925D600382667 /* HomeViewTableCell.m in Sources */,
				2D55EDB015BA773100D8F8DE /* EGORefreshTableHeaderView.m in Sources */,
			);
			runOnlyForDeploymentPostprocessing = 0;
		};
/* End PBXSourcesBuildPhase section */

/* Begin PBXVariantGroup section */
		2DAD4B5015B364C000244707 /* InfoPlist.strings */ = {
			isa = PBXVariantGroup;
			children = (
				2DAD4B5115B364C000244707 /* en */,
			);
			name = InfoPlist.strings;
			sourceTree = "<group>";
		};
/* End PBXVariantGroup section */

/* Begin XCBuildConfiguration section */
		2DAD4B5915B364C000244707 /* Debug */ = {
			isa = XCBuildConfiguration;
			buildSettings = {
				ALWAYS_SEARCH_USER_PATHS = NO;
				ARCHS = "$(ARCHS_STANDARD_32_BIT)";
				CLANG_ENABLE_OBJC_ARC = YES;
				"CODE_SIGN_IDENTITY[sdk=iphoneos*]" = "iPhone Developer";
				COPY_PHASE_STRIP = NO;
				GCC_C_LANGUAGE_STANDARD = gnu99;
				GCC_DYNAMIC_NO_PIC = NO;
				GCC_OPTIMIZATION_LEVEL = 0;
				GCC_PREPROCESSOR_DEFINITIONS = (
					"DEBUG=1",
					"$(inherited)",
				);
				GCC_SYMBOLS_PRIVATE_EXTERN = NO;
				GCC_VERSION = com.apple.compilers.llvm.clang.1_0;
				GCC_WARN_ABOUT_RETURN_TYPE = YES;
				GCC_WARN_UNINITIALIZED_AUTOS = YES;
				GCC_WARN_UNUSED_VARIABLE = YES;
				IPHONEOS_DEPLOYMENT_TARGET = 5.1;
				SDKROOT = iphoneos;
			};
			name = Debug;
		};
		2DAD4B5A15B364C000244707 /* Release */ = {
			isa = XCBuildConfiguration;
			buildSettings = {
				ALWAYS_SEARCH_USER_PATHS = NO;
				ARCHS = "$(ARCHS_STANDARD_32_BIT)";
				CLANG_ENABLE_OBJC_ARC = YES;
				"CODE_SIGN_IDENTITY[sdk=iphoneos*]" = "iPhone Developer";
				COPY_PHASE_STRIP = YES;
				GCC_C_LANGUAGE_STANDARD = gnu99;
				GCC_VERSION = com.apple.compilers.llvm.clang.1_0;
				GCC_WARN_ABOUT_RETURN_TYPE = YES;
				GCC_WARN_UNINITIALIZED_AUTOS = YES;
				GCC_WARN_UNUSED_VARIABLE = YES;
				IPHONEOS_DEPLOYMENT_TARGET = 5.1;
				OTHER_CFLAGS = "-DNS_BLOCK_ASSERTIONS=1";
				SDKROOT = iphoneos;
				VALIDATE_PRODUCT = YES;
			};
			name = Release;
		};
		2DAD4B5C15B364C000244707 /* Debug */ = {
			isa = XCBuildConfiguration;
			buildSettings = {
				GCC_PRECOMPILE_PREFIX_HEADER = YES;
				GCC_PREFIX_HEADER = "SchooldateMobile/SchooldateMobile-Prefix.pch";
				INFOPLIST_FILE = "SchooldateMobile/SchooldateMobile-Info.plist";
				PRODUCT_NAME = "$(TARGET_NAME)";
				WRAPPER_EXTENSION = app;
			};
			name = Debug;
		};
		2DAD4B5D15B364C000244707 /* Release */ = {
			isa = XCBuildConfiguration;
			buildSettings = {
				GCC_PRECOMPILE_PREFIX_HEADER = YES;
				GCC_PREFIX_HEADER = "SchooldateMobile/SchooldateMobile-Prefix.pch";
				INFOPLIST_FILE = "SchooldateMobile/SchooldateMobile-Info.plist";
				PRODUCT_NAME = "$(TARGET_NAME)";
				WRAPPER_EXTENSION = app;
			};
			name = Release;
		};
/* End XCBuildConfiguration section */

/* Begin XCConfigurationList section */
		2DAD4B3D15B364BF00244707 /* Build configuration list for PBXProject "SchooldateMobile" */ = {
			isa = XCConfigurationList;
			buildConfigurations = (
				2DAD4B5915B364C000244707 /* Debug */,
				2DAD4B5A15B364C000244707 /* Release */,
			);
			defaultConfigurationIsVisible = 0;
			defaultConfigurationName = Release;
		};
		2DAD4B5B15B364C000244707 /* Build configuration list for PBXNativeTarget "SchooldateMobile" */ = {
			isa = XCConfigurationList;
			buildConfigurations = (
				2DAD4B5C15B364C000244707 /* Debug */,
				2DAD4B5D15B364C000244707 /* Release */,
			);
			defaultConfigurationIsVisible = 0;
			defaultConfigurationName = Release;
		};
/* End XCConfigurationList section */
	};
	rootObject = 2DAD4B3A15B364BF00244707 /* Project object */;
}
